
Microsoft Visual Studio Solution File, Format Version 12.00
# Visual Studio Version 17
VisualStudioVersion = 17.0.31903.59
MinimumVisualStudioVersion = 10.0.40219.1
Project("{2150E333-8FDC-42A3-9474-1A3956D46DE8}") = "src", "src", "{684CCD42-BF0E-460F-98C4-2D59F420DF9E}"
EndProject
Project("{FAE04EC0-301F-11D3-BF4B-00C04F79EFBC}") = "InventorySystem.API", "src\InventorySystem.API\InventorySystem.API.csproj", "{5C185D96-E7B2-4EA3-8DC8-82951692E9CA}"
EndProject
Project("{FAE04EC0-301F-11D3-BF4B-00C04F79EFBC}") = "InventorySystem.Application", "src\InventorySystem.Application\InventorySystem.Application.csproj", "{4AF936BD-A1FF-4627-8BA2-34FF7A49F6B3}"
EndProject
Project("{FAE04EC0-301F-11D3-BF4B-00C04F79EFBC}") = "InventorySystem.Domain", "src\InventorySystem.Domain\InventorySystem.Domain.csproj", "{9FF83476-0659-4446-8030-637BC15DF46F}"
EndProject
Project("{FAE04EC0-301F-11D3-BF4B-00C04F79EFBC}") = "InventorySystem.Infrastructure", "src\InventorySystem.Infrastructure\InventorySystem.Infrastructure.csproj", "{1E8E7306-4883-43EB-8408-2F350C3220AA}"
EndProject
Project("{2150E333-8FDC-42A3-9474-1A3956D46DE8}") = "tests", "tests", "{A86DB1AE-8F99-4355-B7BB-3DD1DEACCB62}"
EndProject
Project("{FAE04EC0-301F-11D3-BF4B-00C04F79EFBC}") = "InventorySystem.UnitTests", "tests\InventorySystem.UnitTests\InventorySystem.UnitTests.csproj", "{27A9EB65-C9EB-4CC6-82BF-DE73548F9C27}"
EndProject
Global
	GlobalSection(SolutionConfigurationPlatforms) = preSolution
		Debug|Any CPU = Debug|Any CPU
		Release|Any CPU = Release|Any CPU
	EndGlobalSection
	GlobalSection(SolutionProperties) = preSolution
		HideSolutionNode = FALSE
	EndGlobalSection
	GlobalSection(ProjectConfigurationPlatforms) = postSolution
		{5C185D96-E7B2-4EA3-8DC8-82951692E9CA}.Debug|Any CPU.ActiveCfg = Debug|Any CPU
		{5C185D96-E7B2-4EA3-8DC8-82951692E9CA}.Debug|Any CPU.Build.0 = Debug|Any CPU
		{5C185D96-E7B2-4EA3-8DC8-82951692E9CA}.Release|Any CPU.ActiveCfg = Release|Any CPU
		{5C185D96-E7B2-4EA3-8DC8-82951692E9CA}.Release|Any CPU.Build.0 = Release|Any CPU
		{4AF936BD-A1FF-4627-8BA2-34FF7A49F6B3}.Debug|Any CPU.ActiveCfg = Debug|Any CPU
		{4AF936BD-A1FF-4627-8BA2-34FF7A49F6B3}.Debug|Any CPU.Build.0 = Debug|Any CPU
		{4AF936BD-A1FF-4627-8BA2-34FF7A49F6B3}.Release|Any CPU.ActiveCfg = Release|Any CPU
		{4AF936BD-A1FF-4627-8BA2-34FF7A49F6B3}.Release|Any CPU.Build.0 = Release|Any CPU
		{9FF83476-0659-4446-8030-637BC15DF46F}.Debug|Any CPU.ActiveCfg = Debug|Any CPU
		{9FF83476-0659-4446-8030-637BC15DF46F}.Debug|Any CPU.Build.0 = Debug|Any CPU
		{9FF83476-0659-4446-8030-637BC15DF46F}.Release|Any CPU.ActiveCfg = Release|Any CPU
		{9FF83476-0659-4446-8030-637BC15DF46F}.Release|Any CPU.Build.0 = Release|Any CPU
		{1E8E7306-4883-43EB-8408-2F350C3220AA}.Debug|Any CPU.ActiveCfg = Debug|Any CPU
		{1E8E7306-4883-43EB-8408-2F350C3220AA}.Debug|Any CPU.Build.0 = Debug|Any CPU
		{1E8E7306-4883-43EB-8408-2F350C3220AA}.Release|Any CPU.ActiveCfg = Release|Any CPU
		{1E8E7306-4883-43EB-8408-2F350C3220AA}.Release|Any CPU.Build.0 = Release|Any CPU
		{27A9EB65-C9EB-4CC6-82BF-DE73548F9C27}.Debug|Any CPU.ActiveCfg = Debug|Any CPU
		{27A9EB65-C9EB-4CC6-82BF-DE73548F9C27}.Debug|Any CPU.Build.0 = Debug|Any CPU
		{27A9EB65-C9EB-4CC6-82BF-DE73548F9C27}.Release|Any CPU.ActiveCfg = Release|Any CPU
		{27A9EB65-C9EB-4CC6-82BF-DE73548F9C27}.Release|Any CPU.Build.0 = Release|Any CPU
	EndGlobalSection
	GlobalSection(NestedProjects) = preSolution
		{5C185D96-E7B2-4EA3-8DC8-82951692E9CA} = {684CCD42-BF0E-460F-98C4-2D59F420DF9E}
		{4AF936BD-A1FF-4627-8BA2-34FF7A49F6B3} = {684CCD42-BF0E-460F-98C4-2D59F420DF9E}
		{9FF83476-0659-4446-8030-637BC15DF46F} = {684CCD42-BF0E-460F-98C4-2D59F420DF9E}
		{1E8E7306-4883-43EB-8408-2F350C3220AA} = {684CCD42-BF0E-460F-98C4-2D59F420DF9E}
		{27A9EB65-C9EB-4CC6-82BF-DE73548F9C27} = {A86DB1AE-8F99-4355-B7BB-3DD1DEACCB62}
	EndGlobalSection
EndGlobal
